// !$*UTF8*$!
{
	archiveVersion = 1;
	classes = {
	};
	objectVersion = 56;
	objects = {

/* Begin PBXBuildFile section */
		7713712A2C57DEF400F048B0 /* Localizable.strings in Resources */ = {isa = PBXBuildFile; fileRef = 7713712C2C57DEF400F048B0 /* Localizable.strings */; };
		771371302C57DF1F00F048B0 /* Localizable.swift in Sources */ = {isa = PBXBuildFile; fileRef = 7713712F2C57DF1F00F048B0 /* Localizable.swift */; };
		77C5CE702C57AB1700691D79 /* AppDelegate.swift in Sources */ = {isa = PBXBuildFile; fileRef = 77C5CE6F2C57AB1700691D79 /* AppDelegate.swift */; };
		77C5CE722C57AB1800691D79 /* SceneDelegate.swift in Sources */ = {isa = PBXBuildFile; fileRef = 77C5CE712C57AB1700691D79 /* SceneDelegate.swift */; };
		77C5CE742C57AB1800691D79 /* ViewController.swift in Sources */ = {isa = PBXBuildFile; fileRef = 77C5CE732C57AB1800691D79 /* ViewController.swift */; };
		77C5CE772C57AB1800691D79 /* Main.storyboard in Resources */ = {isa = PBXBuildFile; fileRef = 77C5CE752C57AB1800691D79 /* Main.storyboard */; };
		77C5CE792C57AB1E00691D79 /* Assets.xcassets in Resources */ = {isa = PBXBuildFile; fileRef = 77C5CE782C57AB1E00691D79 /* Assets.xcassets */; };
		77C5CE7C2C57AB1E00691D79 /* LaunchScreen.storyboard in Resources */ = {isa = PBXBuildFile; fileRef = 77C5CE7A2C57AB1E00691D79 /* LaunchScreen.storyboard */; };
/* End PBXBuildFile section */

/* Begin PBXFileReference section */
		7713712B2C57DEF400F048B0 /* en */ = {isa = PBXFileReference; lastKnownFileType = text.plist.strings; name = en; path = en.lproj/Localizable.strings; sourceTree = "<group>"; };
		7713712D2C57DEF500F048B0 /* de */ = {isa = PBXFileReference; lastKnownFileType = text.plist.strings; name = de; path = de.lproj/Localizable.strings; sourceTree = "<group>"; };
		7713712E2C57DEF500F048B0 /* it */ = {isa = PBXFileReference; lastKnownFileType = text.plist.strings; name = it; path = it.lproj/Localizable.strings; sourceTree = "<group>"; };
		7713712F2C57DF1F00F048B0 /* Localizable.swift */ = {isa = PBXFileReference; fileEncoding = 4; lastKnownFileType = sourcecode.swift; path = Localizable.swift; sourceTree = "<group>"; };
		77C5CE6C2C57AB1700691D79 /* sf_example_uikit.app */ = {isa = PBXFileReference; explicitFileType = wrapper.application; includeInIndex = 0; path = sf_example_uikit.app; sourceTree = BUILT_PRODUCTS_DIR; };
		77C5CE6F2C57AB1700691D79 /* AppDelegate.swift */ = {isa = PBXFileReference; lastKnownFileType = sourcecode.swift; path = AppDelegate.swift; sourceTree = "<group>"; };
		77C5CE712C57AB1700691D79 /* SceneDelegate.swift */ = {isa = PBXFileReference; lastKnownFileType = sourcecode.swift; path = SceneDelegate.swift; sourceTree = "<group>"; };
		77C5CE732C57AB1800691D79 /* ViewController.swift */ = {isa = PBXFileReference; lastKnownFileType = sourcecode.swift; path = ViewController.swift; sourceTree = "<group>"; };
		77C5CE762C57AB1800691D79 /* Base */ = {isa = PBXFileReference; lastKnownFileType = file.storyboard; name = Base; path = Base.lproj/Main.storyboard; sourceTree = "<group>"; };
		77C5CE782C57AB1E00691D79 /* Assets.xcassets */ = {isa = PBXFileReference; lastKnownFileType = folder.assetcatalog; path = Assets.xcassets; sourceTree = "<group>"; };
		77C5CE7B2C57AB1E00691D79 /* Base */ = {isa = PBXFileReference; lastKnownFileType = file.storyboard; name = Base; path = Base.lproj/LaunchScreen.storyboard; sourceTree = "<group>"; };
		77C5CE7D2C57AB1E00691D79 /* Info.plist */ = {isa = PBXFileReference; lastKnownFileType = text.plist.xml; path = Info.plist; sourceTree = "<group>"; };
/* End PBXFileReference section */

/* Begin PBXFrameworksBuildPhase section */
		77C5CE692C57AB1700691D79 /* Frameworks */ = {
			isa = PBXFrameworksBuildPhase;
			buildActionMask = 2147483647;
			files = (
			);
			runOnlyForDeploymentPostprocessing = 0;
		};
/* End PBXFrameworksBuildPhase section */

/* Begin PBXGroup section */
		771371292C57DEC600F048B0 /* Localization */ = {
			isa = PBXGroup;
			children = (
				7713712F2C57DF1F00F048B0 /* Localizable.swift */,
				7713712C2C57DEF400F048B0 /* Localizable.strings */,
			);
			path = Localization;
			sourceTree = "<group>";
		};
		77C5CE632C57AB1700691D79 = {
			isa = PBXGroup;
			children = (
				77C5CE6E2C57AB1700691D79 /* sf_example_uikit */,
				77C5CE6D2C57AB1700691D79 /* Products */,
			);
			sourceTree = "<group>";
		};
		77C5CE6D2C57AB1700691D79 /* Products */ = {
			isa = PBXGroup;
			children = (
				77C5CE6C2C57AB1700691D79 /* sf_example_uikit.app */,
			);
			name = Products;
			sourceTree = "<group>";
		};
		77C5CE6E2C57AB1700691D79 /* sf_example_uikit */ = {
			isa = PBXGroup;
			children = (
				77C5CE6F2C57AB1700691D79 /* AppDelegate.swift */,
				77C5CE712C57AB1700691D79 /* SceneDelegate.swift */,
				77C5CE732C57AB1800691D79 /* ViewController.swift */,
				77C5CE752C57AB1800691D79 /* Main.storyboard */,
				77C5CE782C57AB1E00691D79 /* Assets.xcassets */,
				77C5CE7A2C57AB1E00691D79 /* LaunchScreen.storyboard */,
				77C5CE7D2C57AB1E00691D79 /* Info.plist */,
				771371292C57DEC600F048B0 /* Localization */,
			);
			path = sf_example_uikit;
			sourceTree = "<group>";
		};
/* End PBXGroup section */

/* Begin PBXNativeTarget section */
		77C5CE6B2C57AB1700691D79 /* sf_example_uikit */ = {
			isa = PBXNativeTarget;
			buildConfigurationList = 77C5CE962C57AB1F00691D79 /* Build configuration list for PBXNativeTarget "sf_example_uikit" */;
			buildPhases = (
				77C5CE682C57AB1700691D79 /* Sources */,
				77C5CE692C57AB1700691D79 /* Frameworks */,
				77C5CE6A2C57AB1700691D79 /* Resources */,
			);
			buildRules = (
			);
			dependencies = (
			);
			name = sf_example_uikit;
			productName = sf_exaple_uikit;
			productReference = 77C5CE6C2C57AB1700691D79 /* sf_example_uikit.app */;
			productType = "com.apple.product-type.application";
		};
/* End PBXNativeTarget section */

/* Begin PBXProject section */
		77C5CE642C57AB1700691D79 /* Project object */ = {
			isa = PBXProject;
			attributes = {
				BuildIndependentTargetsInParallel = 1;
				LastSwiftUpdateCheck = 1520;
				LastUpgradeCheck = 1520;
				TargetAttributes = {
					77C5CE6B2C57AB1700691D79 = {
						CreatedOnToolsVersion = 15.2;
					};
				};
			};
			buildConfigurationList = 77C5CE672C57AB1700691D79 /* Build configuration list for PBXProject "sf_example_uikit" */;
			compatibilityVersion = "Xcode 14.0";
			developmentRegion = en;
			hasScannedForEncodings = 0;
			knownRegions = (
				en,
				Base,
				it,
				de,
			);
			mainGroup = 77C5CE632C57AB1700691D79;
			productRefGroup = 77C5CE6D2C57AB1700691D79 /* Products */;
			projectDirPath = "";
			projectRoot = "";
			targets = (
				77C5CE6B2C57AB1700691D79 /* sf_example_uikit */,
			);
		};
/* End PBXProject section */

/* Begin PBXResourcesBuildPhase section */
		77C5CE6A2C57AB1700691D79 /* Resources */ = {
			isa = PBXResourcesBuildPhase;
			buildActionMask = 2147483647;
			files = (
				77C5CE7C2C57AB1E00691D79 /* LaunchScreen.storyboard in Resources */,
				7713712A2C57DEF400F048B0 /* Localizable.strings in Resources */,
				77C5CE792C57AB1E00691D79 /* Assets.xcassets in Resources */,
				77C5CE772C57AB1800691D79 /* Main.storyboard in Resources */,
			);
			runOnlyForDeploymentPostprocessing = 0;
		};
/* End PBXResourcesBuildPhase section */

/* Begin PBXSourcesBuildPhase section */
		77C5CE682C57AB1700691D79 /* Sources */ = {
			isa = PBXSourcesBuildPhase;
			buildActionMask = 2147483647;
			files = (
				77C5CE742C57AB1800691D79 /* ViewController.swift in Sources */,
				77C5CE702C57AB1700691D79 /* AppDelegate.swift in Sources */,
				771371302C57DF1F00F048B0 /* Localizable.swift in Sources */,
				77C5CE722C57AB1800691D79 /* SceneDelegate.swift in Sources */,
			);
			runOnlyForDeploymentPostprocessing = 0;
		};
/* End PBXSourcesBuildPhase section */

/* Begin PBXVariantGroup section */
		7713712C2C57DEF400F048B0 /* Localizable.strings */ = {
			isa = PBXVariantGroup;
			children = (
				7713712B2C57DEF400F048B0 /* en */,
				7713712D2C57DEF500F048B0 /* de */,
				7713712E2C57DEF500F048B0 /* it */,
			);
			name = Localizable.strings;
			sourceTree = "<group>";
		};
		77C5CE752C57AB1800691D79 /* Main.storyboard */ = {
			isa = PBXVariantGroup;
			children = (
				77C5CE762C57AB1800691D79 /* Base */,
			);
			name = Main.storyboard;
			sourceTree = "<group>";
		};
		77C5CE7A2C57AB1E00691D79 /* LaunchScreen.storyboard */ = {
			isa = PBXVariantGroup;
			children = (
				77C5CE7B2C57AB1E00691D79 /* Base */,
			);
			name = LaunchScreen.storyboard;
			sourceTree = "<group>";
		};
/* End PBXVariantGroup section */

/* Begin XCBuildConfiguration section */
		77C5CE942C57AB1F00691D79 /* Debug */ = {
			isa = XCBuildConfiguration;
			buildSettings = {
				ALWAYS_SEARCH_USER_PATHS = NO;
				ASSETCATALOG_COMPILER_GENERATE_SWIFT_ASSET_SYMBOL_EXTENSIONS = YES;
				CLANG_ANALYZER_LOCALIZABILITY_NONLOCALIZED = YES;
				CLANG_ANALYZER_NONNULL = YES;
				CLANG_ANALYZER_NUMBER_OBJECT_CONVERSION = YES_AGGRESSIVE;
				CLANG_CXX_LANGUAGE_STANDARD = "gnu++20";
				CLANG_ENABLE_MODULES = YES;
				CLANG_ENABLE_OBJC_ARC = YES;
				CLANG_ENABLE_OBJC_WEAK = YES;
				CLANG_WARN_BLOCK_CAPTURE_AUTORELEASING = YES;
				CLANG_WARN_BOOL_CONVERSION = YES;
				CLANG_WARN_COMMA = YES;
				CLANG_WARN_CONSTANT_CONVERSION = YES;
				CLANG_WARN_DEPRECATED_OBJC_IMPLEMENTATIONS = YES;
				CLANG_WARN_DIRECT_OBJC_ISA_USAGE = YES_ERROR;
				CLANG_WARN_DOCUMENTATION_COMMENTS = YES;
				CLANG_WARN_EMPTY_BODY = YES;
				CLANG_WARN_ENUM_CONVERSION = YES;
				CLANG_WARN_INFINITE_RECURSION = YES;
				CLANG_WARN_INT_CONVERSION = YES;
				CLANG_WARN_NON_LITERAL_NULL_CONVERSION = YES;
				CLANG_WARN_OBJC_IMPLICIT_RETAIN_SELF = YES;
				CLANG_WARN_OBJC_LITERAL_CONVERSION = YES;
				CLANG_WARN_OBJC_ROOT_CLASS = YES_ERROR;
				CLANG_WARN_QUOTED_INCLUDE_IN_FRAMEWORK_HEADER = YES;
				CLANG_WARN_RANGE_LOOP_ANALYSIS = YES;
				CLANG_WARN_STRICT_PROTOTYPES = YES;
				CLANG_WARN_SUSPICIOUS_MOVE = YES;
				CLANG_WARN_UNGUARDED_AVAILABILITY = YES_AGGRESSIVE;
				CLANG_WARN_UNREACHABLE_CODE = YES;
				CLANG_WARN__DUPLICATE_METHOD_MATCH = YES;
				COPY_PHASE_STRIP = NO;
				DEBUG_INFORMATION_FORMAT = dwarf;
				ENABLE_STRICT_OBJC_MSGSEND = YES;
				ENABLE_TESTABILITY = YES;
				ENABLE_USER_SCRIPT_SANDBOXING = YES;
				GCC_C_LANGUAGE_STANDARD = gnu17;
				GCC_DYNAMIC_NO_PIC = NO;
				GCC_NO_COMMON_BLOCKS = YES;
				GCC_OPTIMIZATION_LEVEL = 0;
				GCC_PREPROCESSOR_DEFINITIONS = (
					"DEBUG=1",
					"$(inherited)",
				);
				GCC_WARN_64_TO_32_BIT_CONVERSION = YES;
				GCC_WARN_ABOUT_RETURN_TYPE = YES_ERROR;
				GCC_WARN_UNDECLARED_SELECTOR = YES;
				GCC_WARN_UNINITIALIZED_AUTOS = YES_AGGRESSIVE;
				GCC_WARN_UNUSED_FUNCTION = YES;
				GCC_WARN_UNUSED_VARIABLE = YES;
				IPHONEOS_DEPLOYMENT_TARGET = 17.2;
				LOCALIZATION_PREFERS_STRING_CATALOGS = YES;
				MTL_ENABLE_DEBUG_INFO = INCLUDE_SOURCE;
				MTL_FAST_MATH = YES;
				ONLY_ACTIVE_ARCH = YES;
				SDKROOT = iphoneos;
				SWIFT_ACTIVE_COMPILATION_CONDITIONS = "DEBUG $(inherited)";
				SWIFT_OPTIMIZATION_LEVEL = "-Onone";
			};
			name = Debug;
		};
		77C5CE952C57AB1F00691D79 /* Release */ = {
			isa = XCBuildConfiguration;
			buildSettings = {
				ALWAYS_SEARCH_USER_PATHS = NO;
				ASSETCATALOG_COMPILER_GENERATE_SWIFT_ASSET_SYMBOL_EXTENSIONS = YES;
				CLANG_ANALYZER_LOCALIZABILITY_NONLOCALIZED = YES;
				CLANG_ANALYZER_NONNULL = YES;
				CLANG_ANALYZER_NUMBER_OBJECT_CONVERSION = YES_AGGRESSIVE;
				CLANG_CXX_LANGUAGE_STANDARD = "gnu++20";
				CLANG_ENABLE_MODULES = YES;
				CLANG_ENABLE_OBJC_ARC = YES;
				CLANG_ENABLE_OBJC_WEAK = YES;
				CLANG_WARN_BLOCK_CAPTURE_AUTORELEASING = YES;
				CLANG_WARN_BOOL_CONVERSION = YES;
				CLANG_WARN_COMMA = YES;
				CLANG_WARN_CONSTANT_CONVERSION = YES;
				CLANG_WARN_DEPRECATED_OBJC_IMPLEMENTATIONS = YES;
				CLANG_WARN_DIRECT_OBJC_ISA_USAGE = YES_ERROR;
				CLANG_WARN_DOCUMENTATION_COMMENTS = YES;
				CLANG_WARN_EMPTY_BODY = YES;
				CLANG_WARN_ENUM_CONVERSION = YES;
				CLANG_WARN_INFINITE_RECURSION = YES;
				CLANG_WARN_INT_CONVERSION = YES;
				CLANG_WARN_NON_LITERAL_NULL_CONVERSION = YES;
				CLANG_WARN_OBJC_IMPLICIT_RETAIN_SELF = YES;
				CLANG_WARN_OBJC_LITERAL_CONVERSION = YES;
				CLANG_WARN_OBJC_ROOT_CLASS = YES_ERROR;
				CLANG_WARN_QUOTED_INCLUDE_IN_FRAMEWORK_HEADER = YES;
				CLANG_WARN_RANGE_LOOP_ANALYSIS = YES;
				CLANG_WARN_STRICT_PROTOTYPES = YES;
				CLANG_WARN_SUSPICIOUS_MOVE = YES;
				CLANG_WARN_UNGUARDED_AVAILABILITY = YES_AGGRESSIVE;
				CLANG_WARN_UNREACHABLE_CODE = YES;
				CLANG_WARN__DUPLICATE_METHOD_MATCH = YES;
				COPY_PHASE_STRIP = NO;
				DEBUG_INFORMATION_FORMAT = "dwarf-with-dsym";
				ENABLE_NS_ASSERTIONS = NO;
				ENABLE_STRICT_OBJC_MSGSEND = YES;
				ENABLE_USER_SCRIPT_SANDBOXING = YES;
				GCC_C_LANGUAGE_STANDARD = gnu17;
				GCC_NO_COMMON_BLOCKS = YES;
				GCC_WARN_64_TO_32_BIT_CONVERSION = YES;
				GCC_WARN_ABOUT_RETURN_TYPE = YES_ERROR;
				GCC_WARN_UNDECLARED_SELECTOR = YES;
				GCC_WARN_UNINITIALIZED_AUTOS = YES_AGGRESSIVE;
				GCC_WARN_UNUSED_FUNCTION = YES;
				GCC_WARN_UNUSED_VARIABLE = YES;
				IPHONEOS_DEPLOYMENT_TARGET = 17.2;
				LOCALIZATION_PREFERS_STRING_CATALOGS = YES;
				MTL_ENABLE_DEBUG_INFO = NO;
				MTL_FAST_MATH = YES;
				SDKROOT = iphoneos;
				SWIFT_COMPILATION_MODE = wholemodule;
				VALIDATE_PRODUCT = YES;
			};
			name = Release;
		};
		77C5CE972C57AB1F00691D79 /* Debug */ = {
			isa = XCBuildConfiguration;
			buildSettings = {
				ASSETCATALOG_COMPILER_APPICON_NAME = AppIcon;
				ASSETCATALOG_COMPILER_GLOBAL_ACCENT_COLOR_NAME = AccentColor;
				CODE_SIGN_STYLE = Automatic;
				CURRENT_PROJECT_VERSION = 1;
				GENERATE_INFOPLIST_FILE = YES;
				INFOPLIST_FILE = sf_exaple_uikit/Info.plist;
				INFOPLIST_KEY_UIApplicationSupportsIndirectInputEvents = YES;
				INFOPLIST_KEY_UILaunchStoryboardName = LaunchScreen;
				INFOPLIST_KEY_UIMainStoryboardFile = Main;
				INFOPLIST_KEY_UISupportedInterfaceOrientations_iPad = "UIInterfaceOrientationPortrait UIInterfaceOrientationPortraitUpsideDown UIInterfaceOrientationLandscapeLeft UIInterfaceOrientationLandscapeRight";
				INFOPLIST_KEY_UISupportedInterfaceOrientations_iPhone = "UIInterfaceOrientationPortrait UIInterfaceOrientationLandscapeLeft UIInterfaceOrientationLandscapeRight";
				LD_RUNPATH_SEARCH_PATHS = (
					"$(inherited)",
					"@executable_path/Frameworks",
				);
				MARKETING_VERSION = 1.0;
				PRODUCT_BUNDLE_IDENTIFIER = "com.sf.sf-exaple-uikit";
				PRODUCT_NAME = "$(TARGET_NAME)";
				SWIFT_EMIT_LOC_STRINGS = YES;
				SWIFT_VERSION = 5.0;
				TARGETED_DEVICE_FAMILY = "1,2";
			};
			name = Debug;
		};
		77C5CE982C57AB1F00691D79 /* Release */ = {
			isa = XCBuildConfiguration;
			buildSettings = {
				ASSETCATALOG_COMPILER_APPICON_NAME = AppIcon;
				ASSETCATALOG_COMPILER_GLOBAL_ACCENT_COLOR_NAME = AccentColor;
				CODE_SIGN_STYLE = Automatic;
				CURRENT_PROJECT_VERSION = 1;
				GENERATE_INFOPLIST_FILE = YES;
				INFOPLIST_FILE = sf_exaple_uikit/Info.plist;
				INFOPLIST_KEY_UIApplicationSupportsIndirectInputEvents = YES;
				INFOPLIST_KEY_UILaunchStoryboardName = LaunchScreen;
				INFOPLIST_KEY_UIMainStoryboardFile = Main;
				INFOPLIST_KEY_UISupportedInterfaceOrientations_iPad = "UIInterfaceOrientationPortrait UIInterfaceOrientationPortraitUpsideDown UIInterfaceOrientationLandscapeLeft UIInterfaceOrientationLandscapeRight";
				INFOPLIST_KEY_UISupportedInterfaceOrientations_iPhone = "UIInterfaceOrientationPortrait UIInterfaceOrientationLandscapeLeft UIInterfaceOrientationLandscapeRight";
				LD_RUNPATH_SEARCH_PATHS = (
					"$(inherited)",
					"@executable_path/Frameworks",
				);
				MARKETING_VERSION = 1.0;
				PRODUCT_BUNDLE_IDENTIFIER = "com.sf.sf-exaple-uikit";
				PRODUCT_NAME = "$(TARGET_NAME)";
				SWIFT_EMIT_LOC_STRINGS = YES;
				SWIFT_VERSION = 5.0;
				TARGETED_DEVICE_FAMILY = "1,2";
			};
			name = Release;
		};
/* End XCBuildConfiguration section */

/* Begin XCConfigurationList section */
		77C5CE672C57AB1700691D79 /* Build configuration list for PBXProject "sf_example_uikit" */ = {
			isa = XCConfigurationList;
			buildConfigurations = (
				77C5CE942C57AB1F00691D79 /* Debug */,
				77C5CE952C57AB1F00691D79 /* Release */,
			);
			defaultConfigurationIsVisible = 0;
			defaultConfigurationName = Release;
		};
		77C5CE962C57AB1F00691D79 /* Build configuration list for PBXNativeTarget "sf_example_uikit" */ = {
			isa = XCConfigurationList;
			buildConfigurations = (
				77C5CE972C57AB1F00691D79 /* Debug */,
				77C5CE982C57AB1F00691D79 /* Release */,
			);
			defaultConfigurationIsVisible = 0;
			defaultConfigurationName = Release;
		};
/* End XCConfigurationList section */
	};
	rootObject = 77C5CE642C57AB1700691D79 /* Project object */;
}
